{
	"name": "terratech-steam-mod-loader",
	"version": "1.7.10",
	"lockfileVersion": 2,
	"requires": true,
	"packages": {
		"": {
			"name": "terratech-steam-mod-loader",
			"version": "1.7.10",
			"hasInstallScript": true,
			"license": "MIT",
			"dependencies": {
				"greenworks": "github:greenheartgames/greenworks",
				"ps-list": "^7.2.0"
			}
		},
		"node_modules/greenworks": {
			"version": "0.22.0",
			"resolved": "git+ssh://git@github.com/greenheartgames/greenworks.git#f4441f60b10e8e6e163e5c6c0d5ac1a2d87578df",
			"hasInstallScript": true,
			"dependencies": {
				"nan": "^2.22.0"
			}
		},
		"node_modules/nan": {
			"version": "2.22.2",
			"resolved": "https://registry.npmjs.org/nan/-/nan-2.22.2.tgz",
			"integrity": "sha512-DANghxFkS1plDdRsX0X9pm0Z6SJNN6gBdtXfanwoZ8hooC5gosGFSBGRYHUVPz1asKA/kMRqDRdHrluZ61SpBQ==",
			"license": "MIT"
		},
		"node_modules/ps-list": {
			"version": "7.2.0",
			"resolved": "https://registry.npmjs.org/ps-list/-/ps-list-7.2.0.tgz",
			"integrity": "sha512-v4Bl6I3f2kJfr5o80ShABNHAokIgY+wFDTQfE+X3zWYgSGQOCBeYptLZUpoOALBqO5EawmDN/tjTldJesd0ujQ==",
			"engines": {
				"node": ">=10"
			},
			"funding": {
				"url": "https://github.com/sponsors/sindresorhus"
			}
		}
	},
	"dependencies": {
		"greenworks": {
			"version": "git+ssh://git@github.com/greenheartgames/greenworks.git#f4441f60b10e8e6e163e5c6c0d5ac1a2d87578df",
			"from": "greenworks@github:greenheartgames/greenworks",
			"requires": {
				"nan": "^2.22.0"
			}
		},
		"nan": {
			"version": "2.22.2",
			"resolved": "https://registry.npmjs.org/nan/-/nan-2.22.2.tgz",
			"integrity": "sha512-DANghxFkS1plDdRsX0X9pm0Z6SJNN6gBdtXfanwoZ8hooC5gosGFSBGRYHUVPz1asKA/kMRqDRdHrluZ61SpBQ=="
		},
		"ps-list": {
			"version": "7.2.0",
			"resolved": "https://registry.npmjs.org/ps-list/-/ps-list-7.2.0.tgz",
			"integrity": "sha512-v4Bl6I3f2kJfr5o80ShABNHAokIgY+wFDTQfE+X3zWYgSGQOCBeYptLZUpoOALBqO5EawmDN/tjTldJesd0ujQ=="
		}
	}
}
