lockfileVersion: '9.0'

settings:
  autoInstallPeers: true
  excludeLinksFromLockfile: false

importers:

  .:
    dependencies:
      greenworks:
        specifier: github:FLSoz/greenworks
        version: https://codeload.github.com/FLSoz/greenworks/tar.gz/244fbe89c5c79503995eb8468ce42aa5f91f81fd
      ps-list:
        specifier: ^9.0.0
        version: 9.0.0

packages:

  greenworks@https://codeload.github.com/FLSoz/greenworks/tar.gz/244fbe89c5c79503995eb8468ce42aa5f91f81fd:
    resolution: {tarball: https://codeload.github.com/FLSoz/greenworks/tar.gz/244fbe89c5c79503995eb8468ce42aa5f91f81fd}
    version: 0.20.0

  nan@2.26.2:
    resolution: {integrity: sha512-0tTvBTYkt3tdGw22nrAy50x7gpbGCCFH3AFcyS5WiUu7Eu4vWlri1woE6qHBSfy11vksDqkiwjOnlR7WV8G1Hw==}

  ps-list@9.0.0:
    resolution: {integrity: sha512-lxMEoIL/BQlk2KunFzxwUPwMvjFH7x7cmvzSLsSHpyMXl9FFfLUlfKrYwFc4wx/ZaIxxuXC4n8rjQ1CX/tkXVQ==}
    engines: {node: '>=20'}

snapshots:

  greenworks@https://codeload.github.com/FLSoz/greenworks/tar.gz/244fbe89c5c79503995eb8468ce42aa5f91f81fd:
    dependencies:
      nan: 2.26.2

  nan@2.26.2: {}

  ps-list@9.0.0: {}
